
Microsoft Visual Studio Solution File, Format Version 12.00
# Visual Studio 15
VisualStudioVersion = 15.0.26124.0
MinimumVisualStudioVersion = 15.0.26124.0
Project("{2150E333-8FDC-42A3-9474-1A3956D46DE8}") = "src", "src", "{8E3E3AA4-E3A6-497F-B2A1-69CC14580DEB}"
EndProject
Project("{FAE04EC0-301F-11D3-BF4B-00C04F79EFBC}") = "BotSpec", "src\BotSpec\BotSpec.csproj", "{546CA075-1C64-4C62-B15F-DDA25F2576C6}"
EndProject
Project("{FAE04EC0-301F-11D3-BF4B-00C04F79EFBC}") = "BotSpec.Test.Unit", "src\BotSpec.Test.Unit\BotSpec.Test.Unit.csproj", "{A7F01450-B3F7-4F1F-B1BB-7CCCF8662DBF}"
EndProject
Global
	GlobalSection(SolutionConfigurationPlatforms) = preSolution
		Debug|Any CPU = Debug|Any CPU
		Debug|x64 = Debug|x64
		Debug|x86 = Debug|x86
		Release|Any CPU = Release|Any CPU
		Release|x64 = Release|x64
		Release|x86 = Release|x86
	EndGlobalSection
	GlobalSection(SolutionProperties) = preSolution
		HideSolutionNode = FALSE
	EndGlobalSection
	GlobalSection(ProjectConfigurationPlatforms) = postSolution
		{546CA075-1C64-4C62-B15F-DDA25F2576C6}.Debug|Any CPU.ActiveCfg = Debug|Any CPU
		{546CA075-1C64-4C62-B15F-DDA25F2576C6}.Debug|Any CPU.Build.0 = Debug|Any CPU
		{546CA075-1C64-4C62-B15F-DDA25F2576C6}.Debug|x64.ActiveCfg = Debug|x64
		{546CA075-1C64-4C62-B15F-DDA25F2576C6}.Debug|x64.Build.0 = Debug|x64
		{546CA075-1C64-4C62-B15F-DDA25F2576C6}.Debug|x86.ActiveCfg = Debug|x86
		{546CA075-1C64-4C62-B15F-DDA25F2576C6}.Debug|x86.Build.0 = Debug|x86
		{546CA075-1C64-4C62-B15F-DDA25F2576C6}.Release|Any CPU.ActiveCfg = Release|Any CPU
		{546CA075-1C64-4C62-B15F-DDA25F2576C6}.Release|Any CPU.Build.0 = Release|Any CPU
		{546CA075-1C64-4C62-B15F-DDA25F2576C6}.Release|x64.ActiveCfg = Release|x64
		{546CA075-1C64-4C62-B15F-DDA25F2576C6}.Release|x64.Build.0 = Release|x64
		{546CA075-1C64-4C62-B15F-DDA25F2576C6}.Release|x86.ActiveCfg = Release|x86
		{546CA075-1C64-4C62-B15F-DDA25F2576C6}.Release|x86.Build.0 = Release|x86
		{A7F01450-B3F7-4F1F-B1BB-7CCCF8662DBF}.Debug|Any CPU.ActiveCfg = Debug|Any CPU
		{A7F01450-B3F7-4F1F-B1BB-7CCCF8662DBF}.Debug|Any CPU.Build.0 = Debug|Any CPU
		{A7F01450-B3F7-4F1F-B1BB-7CCCF8662DBF}.Debug|x64.ActiveCfg = Debug|x64
		{A7F01450-B3F7-4F1F-B1BB-7CCCF8662DBF}.Debug|x64.Build.0 = Debug|x64
		{A7F01450-B3F7-4F1F-B1BB-7CCCF8662DBF}.Debug|x86.ActiveCfg = Debug|x86
		{A7F01450-B3F7-4F1F-B1BB-7CCCF8662DBF}.Debug|x86.Build.0 = Debug|x86
		{A7F01450-B3F7-4F1F-B1BB-7CCCF8662DBF}.Release|Any CPU.ActiveCfg = Release|Any CPU
		{A7F01450-B3F7-4F1F-B1BB-7CCCF8662DBF}.Release|Any CPU.Build.0 = Release|Any CPU
		{A7F01450-B3F7-4F1F-B1BB-7CCCF8662DBF}.Release|x64.ActiveCfg = Release|x64
		{A7F01450-B3F7-4F1F-B1BB-7CCCF8662DBF}.Release|x64.Build.0 = Release|x64
		{A7F01450-B3F7-4F1F-B1BB-7CCCF8662DBF}.Release|x86.ActiveCfg = Release|x86
		{A7F01450-B3F7-4F1F-B1BB-7CCCF8662DBF}.Release|x86.Build.0 = Release|x86
	EndGlobalSection
	GlobalSection(NestedProjects) = preSolution
		{546CA075-1C64-4C62-B15F-DDA25F2576C6} = {8E3E3AA4-E3A6-497F-B2A1-69CC14580DEB}
		{A7F01450-B3F7-4F1F-B1BB-7CCCF8662DBF} = {8E3E3AA4-E3A6-497F-B2A1-69CC14580DEB}
	EndGlobalSection
EndGlobal
